
Microsoft Visual Studio Solution File, Format Version 12.00
# Visual Studio Version 16
VisualStudioVersion = 16.0.31410.357
MinimumVisualStudioVersion = 10.0.40219.1
Project("{FAE04EC0-301F-11D3-BF4B-00C04F79EFBC}") = "Magazzino", "Magazzino\Magazzino.csproj", "{10598AEA-1B07-4BFF-BFA1-BDC496E463A8}"
EndProject
Global
	GlobalSection(SolutionConfigurationPlatforms) = preSolution
		Debug|Any CPU = Debug|Any CPU
		Release|Any CPU = Release|Any CPU
	EndGlobalSection
	GlobalSection(ProjectConfigurationPlatforms) = postSolution
		{10598AEA-1B07-4BFF-BFA1-BDC496E463A8}.Debug|Any CPU.ActiveCfg = Debug|Any CPU
		{10598AEA-1B07-4BFF-BFA1-BDC496E463A8}.Debug|Any CPU.Build.0 = Debug|Any CPU
		{10598AEA-1B07-4BFF-BFA1-BDC496E463A8}.Release|Any CPU.ActiveCfg = Release|Any CPU
		{10598AEA-1B07-4BFF-BFA1-BDC496E463A8}.Release|Any CPU.Build.0 = Release|Any CPU
	EndGlobalSection
	GlobalSection(SolutionProperties) = preSolution
		HideSolutionNode = FALSE
	EndGlobalSection
	GlobalSection(ExtensibilityGlobals) = postSolution
		SolutionGuid = {ED68D361-1ED4-48FF-84BF-8960E0F37FC0}
	EndGlobalSection
EndGlobal
